<?xml version="1.0" encoding="utf-8"?>
<Project ToolsVersion="4.0" xmlns="http://schemas.microsoft.com/developer/msbuild/2003">
  <ItemGroup>
    <ClCompile Include="..\..\src\camera.cpp" />
    <ClCompile Include="..\..\src\clipper.cpp" />
    <ClCompile Include="..\..\src\inputManager.cpp" />
    <ClCompile Include="..\..\src\entity.cpp" />
    <ClCompile Include="..\..\src\extra\textparser.cpp" />
    <ClCompile Include="..\..\src\framework.cpp" />
    <ClCompile Include="..\..\src\game.cpp" />
    <ClCompile Include="..\..\src\main.cpp" />
    <ClCompile Include="..\..\src\mesh.cpp" />
    <ClCompile Include="..\..\src\meshManager.cpp" />
    <ClCompile Include="..\..\src\rendertotexture.cpp" />
    <ClCompile Include="..\..\src\scene.cpp" />
    <ClCompile Include="..\..\src\shader.cpp" />
    <ClCompile Include="..\..\src\shot.cpp" />
    <ClCompile Include="..\..\src\shotManager.cpp" />
    <ClCompile Include="..\..\src\texture.cpp" />
    <ClCompile Include="..\..\src\textureManager.cpp" />
    <ClCompile Include="..\..\src\utils.cpp" />
    <ClCompile Include="..\..\src\vehicle.cpp" />
    <ClCompile Include="..\..\src\extra\coldet\box.cpp">
      <Filter>coldet</Filter>
    </ClCompile>
    <ClCompile Include="..\..\src\extra\coldet\box_bld.cpp">
      <Filter>coldet</Filter>
    </ClCompile>
    <ClCompile Include="..\..\src\extra\coldet\coldet.cpp">
      <Filter>coldet</Filter>
    </ClCompile>
    <ClCompile Include="..\..\src\extra\coldet\coldet_bld.cpp">
      <Filter>coldet</Filter>
    </ClCompile>
    <ClCompile Include="..\..\src\extra\coldet\math3d.cpp">
      <Filter>coldet</Filter>
    </ClCompile>
    <ClCompile Include="..\..\src\extra\coldet\mytritri.cpp">
      <Filter>coldet</Filter>
    </ClCompile>
    <ClCompile Include="..\..\src\extra\coldet\sysdep.cpp">
      <Filter>coldet</Filter>
    </ClCompile>
    <ClCompile Include="..\..\src\extra\coldet\tritri.c">
      <Filter>coldet</Filter>
    </ClCompile>
    <ClCompile Include="..\..\src\controller.cpp" />
    <ClCompile Include="..\..\src\collisionManager.cpp" />
  </ItemGroup>
  <ItemGroup>
    <ClInclude Include="..\..\src\camera.h" />
    <ClInclude Include="..\..\src\clipper.h" />
    <ClInclude Include="..\..\src\inputManager.h" />
    <ClInclude Include="..\..\src\entity.h" />
    <ClInclude Include="..\..\src\extra\textparser.h" />
    <ClInclude Include="..\..\src\framework.h" />
    <ClInclude Include="..\..\src\game.h" />
    <ClInclude Include="..\..\src\includes.h" />
    <ClInclude Include="..\..\src\mesh.h" />
    <ClInclude Include="..\..\src\meshManager.h" />
    <ClInclude Include="..\..\src\rendertotexture.h" />
    <ClInclude Include="..\..\src\scene.h" />
    <ClInclude Include="..\..\src\shader.h" />
    <ClInclude Include="..\..\src\shot.h" />
    <ClInclude Include="..\..\src\shotManager.h" />
    <ClInclude Include="..\..\src\texture.h" />
    <ClInclude Include="..\..\src\textureManager.h" />
    <ClInclude Include="..\..\src\utils.h" />
    <ClInclude Include="..\..\src\vehicle.h" />
    <ClInclude Include="..\..\src\extra\coldet\box.h">
      <Filter>coldet</Filter>
    </ClInclude>
    <ClInclude Include="..\..\src\extra\coldet\coldet.h">
      <Filter>coldet</Filter>
    </ClInclude>
    <ClInclude Include="..\..\src\extra\coldet\coldetimpl.h">
      <Filter>coldet</Filter>
    </ClInclude>
    <ClInclude Include="..\..\src\extra\coldet\math3d.h">
      <Filter>coldet</Filter>
    </ClInclude>
    <ClInclude Include="..\..\src\extra\coldet\mytritri.h">
      <Filter>coldet</Filter>
    </ClInclude>
    <ClInclude Include="..\..\src\extra\coldet\sysdep.h">
      <Filter>coldet</Filter>
    </ClInclude>
    <ClInclude Include="..\..\src\controller.h" />
    <ClInclude Include="..\..\src\collisionManager.h" />
  </ItemGroup>
  <ItemGroup>
    <Filter Include="coldet">
      <UniqueIdentifier>{fe8ae6ac-1da6-4ca0-83d6-532112ba9fab}</UniqueIdentifier>
    </Filter>
  </ItemGroup>
</Project>